
Microsoft Visual Studio Solution File, Format Version 12.00
# Visual Studio 15
VisualStudioVersion = 15.0.26730.12
MinimumVisualStudioVersion = 10.0.40219.1
Project("{FAE04EC0-301F-11D3-BF4B-00C04F79EFBC}") = "Tekla Practice", "Tekla Practice\Tekla Practice.csproj", "{4651513A-0FAE-4E1B-9B24-A0450B1940F7}"
EndProject
Project("{FAE04EC0-301F-11D3-BF4B-00C04F79EFBC}") = "OpenAPIPlugin", "OpenAPIPlugin\OpenAPIPlugin.csproj", "{3037766D-B6CA-46B7-BE8B-83FD199E1387}"
EndProject
Project("{FAE04EC0-301F-11D3-BF4B-00C04F79EFBC}") = "TeklaCommon", "TeklaCommon\TeklaCommon.csproj", "{38495B88-B79D-448C-B479-E3E0B35A17A3}"
EndProject
Global
	GlobalSection(SolutionConfigurationPlatforms) = preSolution
		Debug|Any CPU = Debug|Any CPU
		Release|Any CPU = Release|Any CPU
	EndGlobalSection
	GlobalSection(ProjectConfigurationPlatforms) = postSolution
		{4651513A-0FAE-4E1B-9B24-A0450B1940F7}.Debug|Any CPU.ActiveCfg = Debug|Any CPU
		{4651513A-0FAE-4E1B-9B24-A0450B1940F7}.Debug|Any CPU.Build.0 = Debug|Any CPU
		{4651513A-0FAE-4E1B-9B24-A0450B1940F7}.Release|Any CPU.ActiveCfg = Release|Any CPU
		{4651513A-0FAE-4E1B-9B24-A0450B1940F7}.Release|Any CPU.Build.0 = Release|Any CPU
		{3037766D-B6CA-46B7-BE8B-83FD199E1387}.Debug|Any CPU.ActiveCfg = Debug|Any CPU
		{3037766D-B6CA-46B7-BE8B-83FD199E1387}.Debug|Any CPU.Build.0 = Debug|Any CPU
		{3037766D-B6CA-46B7-BE8B-83FD199E1387}.Release|Any CPU.ActiveCfg = Release|Any CPU
		{3037766D-B6CA-46B7-BE8B-83FD199E1387}.Release|Any CPU.Build.0 = Release|Any CPU
		{38495B88-B79D-448C-B479-E3E0B35A17A3}.Debug|Any CPU.ActiveCfg = Debug|Any CPU
		{38495B88-B79D-448C-B479-E3E0B35A17A3}.Debug|Any CPU.Build.0 = Debug|Any CPU
		{38495B88-B79D-448C-B479-E3E0B35A17A3}.Release|Any CPU.ActiveCfg = Release|Any CPU
		{38495B88-B79D-448C-B479-E3E0B35A17A3}.Release|Any CPU.Build.0 = Release|Any CPU
	EndGlobalSection
	GlobalSection(SolutionProperties) = preSolution
		HideSolutionNode = FALSE
	EndGlobalSection
	GlobalSection(ExtensibilityGlobals) = postSolution
		SolutionGuid = {00919C4D-55C8-49CD-9C82-D01F63413ECA}
	EndGlobalSection
EndGlobal
